
Microsoft Visual Studio Solution File, Format Version 12.00
# Visual Studio Version 17
VisualStudioVersion = 17.8.34309.116
MinimumVisualStudioVersion = 10.0.40219.1
Project("{FAE04EC0-301F-11D3-BF4B-00C04F79EFBC}") = "Product_Reviews_Api", "Product_Reviews_Api.csproj", "{31CA4AC3-9813-4685-AF56-1D1B6F36BF2D}"
EndProject
Global
	GlobalSection(SolutionConfigurationPlatforms) = preSolution
		Debug|Any CPU = Debug|Any CPU
		Release|Any CPU = Release|Any CPU
	EndGlobalSection
	GlobalSection(ProjectConfigurationPlatforms) = postSolution
		{31CA4AC3-9813-4685-AF56-1D1B6F36BF2D}.Debug|Any CPU.ActiveCfg = Debug|Any CPU
		{31CA4AC3-9813-4685-AF56-1D1B6F36BF2D}.Debug|Any CPU.Build.0 = Debug|Any CPU
		{31CA4AC3-9813-4685-AF56-1D1B6F36BF2D}.Release|Any CPU.ActiveCfg = Release|Any CPU
		{31CA4AC3-9813-4685-AF56-1D1B6F36BF2D}.Release|Any CPU.Build.0 = Release|Any CPU
	EndGlobalSection
	GlobalSection(SolutionProperties) = preSolution
		HideSolutionNode = FALSE
	EndGlobalSection
	GlobalSection(ExtensibilityGlobals) = postSolution
		SolutionGuid = {950690DB-0491-4D1E-AB02-11E9E2930AB4}
	EndGlobalSection
EndGlobal
